{
  "name": "invensys-angular-shared",
  "version": "1.0.2",
  "lockfileVersion": 3,
  "requires": true,
  "packages": {
    "": {
      "name": "invensys-angular-shared",
      "version": "1.0.2",
      "dependencies": {
        "tslib": "^2.3.0"
      },
      "peerDependencies": {
        "@angular/common": "^19.2.5",
        "@angular/core": "^19.2.5",
        "primeflex": "^4.0.0",
        "primeicons": "^7.0.0",
        "primeng": "^19.0.10"
      }
    },
    "node_modules/@angular/animations": {
      "version": "19.2.5",
      "resolved": "https://registry.npmjs.org/@angular/animations/-/animations-19.2.5.tgz",
      "integrity": "sha512-m4RtY3z1JuHFCh6OrOHxo25oKEigBDdR/XmdCfXIwfTiObZzNA7VQhysgdrb9IISO99kXbjZUYKDtLzgWT8Klg==",
      "license": "MIT",
      "peer": true,
      "dependencies": {
        "tslib": "^2.3.0"
      },
      "engines": {
        "node": "^18.19.1 || ^20.11.1 || >=22.0.0"
      },
      "peerDependencies": {
        "@angular/common": "19.2.5",
        "@angular/core": "19.2.5"
      }
    },
    "node_modules/@angular/cdk": {
      "version": "19.2.8",
      "resolved": "https://registry.npmjs.org/@angular/cdk/-/cdk-19.2.8.tgz",
      "integrity": "sha512-ZZqWVYFF80TdjWkk2sc9Pn2luhiYeC78VH3Yjeln4wXMsTGDsvKPBcuOxSxxpJ31saaVBehDjBUuXMqGRj8KuA==",
      "license": "MIT",
      "peer": true,
      "dependencies": {
        "parse5": "^7.1.2",
        "tslib": "^2.3.0"
      },
      "peerDependencies": {
        "@angular/common": "^19.0.0 || ^20.0.0",
        "@angular/core": "^19.0.0 || ^20.0.0",
        "rxjs": "^6.5.3 || ^7.4.0"
      }
    },
    "node_modules/@angular/common": {
      "version": "19.2.5",
      "resolved": "https://registry.npmjs.org/@angular/common/-/common-19.2.5.tgz",
      "integrity": "sha512-vFCBdas4C5PxP6ts/4TlRddWD3DUmI3aaO0QZdZvqyLHy428t84ruYdsJXKaeD8ie2U4/9F3a1tsklclRG/BBA==",
      "license": "MIT",
      "peer": true,
      "dependencies": {
        "tslib": "^2.3.0"
      },
      "engines": {
        "node": "^18.19.1 || ^20.11.1 || >=22.0.0"
      },
      "peerDependencies": {
        "@angular/core": "19.2.5",
        "rxjs": "^6.5.3 || ^7.4.0"
      }
    },
    "node_modules/@angular/core": {
      "version": "19.2.5",
      "resolved": "https://registry.npmjs.org/@angular/core/-/core-19.2.5.tgz",
      "integrity": "sha512-NNEz1sEZz1mBpgf6Tz3aJ9b8KjqpTiMYhHfCYA9h9Ipe4D8gUmOsvPHPK2M755OX7p7PmUmzp1XCUHYrZMVHRw==",
      "license": "MIT",
      "peer": true,
      "dependencies": {
        "tslib": "^2.3.0"
      },
      "engines": {
        "node": "^18.19.1 || ^20.11.1 || >=22.0.0"
      },
      "peerDependencies": {
        "rxjs": "^6.5.3 || ^7.4.0",
        "zone.js": "~0.15.0"
      }
    },
    "node_modules/@angular/forms": {
      "version": "19.2.5",
      "resolved": "https://registry.npmjs.org/@angular/forms/-/forms-19.2.5.tgz",
      "integrity": "sha512-2Zvy3qK1kOxiAX9fdSaeG48q7oyO/4RlMYlg1w+ra9qX1SrgwF3OQ2P2Vs+ojg1AxN3z9xFp4aYaaID/G2LZAw==",
      "license": "MIT",
      "peer": true,
      "dependencies": {
        "tslib": "^2.3.0"
      },
      "engines": {
        "node": "^18.19.1 || ^20.11.1 || >=22.0.0"
      },
      "peerDependencies": {
        "@angular/common": "19.2.5",
        "@angular/core": "19.2.5",
        "@angular/platform-browser": "19.2.5",
        "rxjs": "^6.5.3 || ^7.4.0"
      }
    },
    "node_modules/@angular/platform-browser": {
      "version": "19.2.5",
      "resolved": "https://registry.npmjs.org/@angular/platform-browser/-/platform-browser-19.2.5.tgz",
      "integrity": "sha512-Lshy++X16cvl6OPvfzMySpsqEaCPKEJmDjz7q7oSt96oxlh6LvOeOUVLjsNyrNaIt9NadpWoqjlu/I9RTPJkpw==",
      "license": "MIT",
      "peer": true,
      "dependencies": {
        "tslib": "^2.3.0"
      },
      "engines": {
        "node": "^18.19.1 || ^20.11.1 || >=22.0.0"
      },
      "peerDependencies": {
        "@angular/animations": "19.2.5",
        "@angular/common": "19.2.5",
        "@angular/core": "19.2.5"
      },
      "peerDependenciesMeta": {
        "@angular/animations": {
          "optional": true
        }
      }
    },
    "node_modules/@angular/router": {
      "version": "19.2.5",
      "resolved": "https://registry.npmjs.org/@angular/router/-/router-19.2.5.tgz",
      "integrity": "sha512-9pSfmdNXLjaOKj0kd4UxBC7sFdCFOnRGbftp397G3KWqsLsGSKmNFzqhXNeA5QHkaVxnpmpm8HzXU+zYV5JwSg==",
      "license": "MIT",
      "peer": true,
      "dependencies": {
        "tslib": "^2.3.0"
      },
      "engines": {
        "node": "^18.19.1 || ^20.11.1 || >=22.0.0"
      },
      "peerDependencies": {
        "@angular/common": "19.2.5",
        "@angular/core": "19.2.5",
        "@angular/platform-browser": "19.2.5",
        "rxjs": "^6.5.3 || ^7.4.0"
      }
    },
    "node_modules/@primeuix/styled": {
      "version": "0.3.2",
      "resolved": "https://registry.npmjs.org/@primeuix/styled/-/styled-0.3.2.tgz",
      "integrity": "sha512-ColZes0+/WKqH4ob2x8DyNYf1NENpe5ZguOvx5yCLxaP8EIMVhLjWLO/3umJiDnQU4XXMLkn2mMHHw+fhTX/mw==",
      "license": "MIT",
      "peer": true,
      "dependencies": {
        "@primeuix/utils": "^0.3.2"
      },
      "engines": {
        "node": ">=12.11.0"
      }
    },
    "node_modules/@primeuix/utils": {
      "version": "0.3.2",
      "resolved": "https://registry.npmjs.org/@primeuix/utils/-/utils-0.3.2.tgz",
      "integrity": "sha512-B+nphqTQeq+i6JuICLdVWnDMjONome2sNz0xI65qIOyeB4EF12CoKRiCsxuZ5uKAkHi/0d1LqlQ9mIWRSdkavw==",
      "license": "MIT",
      "peer": true,
      "engines": {
        "node": ">=12.11.0"
      }
    },
    "node_modules/entities": {
      "version": "4.5.0",
      "resolved": "https://registry.npmjs.org/entities/-/entities-4.5.0.tgz",
      "integrity": "sha512-V0hjH4dGPh9Ao5p0MoRY6BVqtwCjhz6vI5LT8AJ55H+4g9/4vbHx1I54fS0XuclLhDHArPQCiMjDxjaL8fPxhw==",
      "license": "BSD-2-Clause",
      "peer": true,
      "engines": {
        "node": ">=0.12"
      },
      "funding": {
        "url": "https://github.com/fb55/entities?sponsor=1"
      }
    },
    "node_modules/parse5": {
      "version": "7.2.1",
      "resolved": "https://registry.npmjs.org/parse5/-/parse5-7.2.1.tgz",
      "integrity": "sha512-BuBYQYlv1ckiPdQi/ohiivi9Sagc9JG+Ozs0r7b/0iK3sKmrb0b9FdWdBbOdx6hBCM/F9Ir82ofnBhtZOjCRPQ==",
      "license": "MIT",
      "peer": true,
      "dependencies": {
        "entities": "^4.5.0"
      },
      "funding": {
        "url": "https://github.com/inikulin/parse5?sponsor=1"
      }
    },
    "node_modules/primeflex": {
      "version": "4.0.0",
      "resolved": "https://registry.npmjs.org/primeflex/-/primeflex-4.0.0.tgz",
      "integrity": "sha512-UOEZCRjR36+sm5bUpDhS1xbA068l9VC6y1aTNVqQPtXuKIdPTqAWHRUxj3mKAoPrQ9W373ooJJMgNVXfiaw04g==",
      "license": "MIT",
      "peer": true
    },
    "node_modules/primeicons": {
      "version": "7.0.0",
      "resolved": "https://registry.npmjs.org/primeicons/-/primeicons-7.0.0.tgz",
      "integrity": "sha512-jK3Et9UzwzTsd6tzl2RmwrVY/b8raJ3QZLzoDACj+oTJ0oX7L9Hy+XnVwgo4QVKlKpnP/Ur13SXV/pVh4LzaDw==",
      "license": "MIT",
      "peer": true
    },
    "node_modules/primeng": {
      "version": "19.0.10",
      "resolved": "https://registry.npmjs.org/primeng/-/primeng-19.0.10.tgz",
      "integrity": "sha512-pVvywU6WoDtS6cwyGm5wyHp/RPqsqtTL3Z6eNgwsP7wMRpNYxVQB2W5ewF64byP8bqFqRQMWY2ZPj0lDeTQ/sA==",
      "license": "SEE LICENSE IN LICENSE.md",
      "peer": true,
      "dependencies": {
        "@primeuix/styled": "^0.3.2",
        "@primeuix/utils": "^0.3.2",
        "tslib": "^2.3.0"
      },
      "peerDependencies": {
        "@angular/animations": "^19.0.0",
        "@angular/cdk": "^19.0.0",
        "@angular/common": "^19.0.0",
        "@angular/core": "^19.0.0",
        "@angular/forms": "^19.0.0",
        "@angular/platform-browser": "^19.0.0",
        "@angular/router": "^19.0.0",
        "rxjs": "^6.0.0 || ^7.8.1"
      }
    },
    "node_modules/rxjs": {
      "version": "7.8.2",
      "resolved": "https://registry.npmjs.org/rxjs/-/rxjs-7.8.2.tgz",
      "integrity": "sha512-dhKf903U/PQZY6boNNtAGdWbG85WAbjT/1xYoZIC7FAY0yWapOBQVsVrDl58W86//e1VpMNBtRV4MaXfdMySFA==",
      "license": "Apache-2.0",
      "peer": true,
      "dependencies": {
        "tslib": "^2.1.0"
      }
    },
    "node_modules/tslib": {
      "version": "2.8.1",
      "resolved": "https://registry.npmjs.org/tslib/-/tslib-2.8.1.tgz",
      "integrity": "sha512-oJFu94HQb+KVduSUQL7wnpmqnfmLsOA/nAh6b6EH0wCEoK0/mPeXU6c3wKDV83MkOuHPRHtSXKKU99IBazS/2w==",
      "license": "0BSD"
    },
    "node_modules/zone.js": {
      "version": "0.15.0",
      "resolved": "https://registry.npmjs.org/zone.js/-/zone.js-0.15.0.tgz",
      "integrity": "sha512-9oxn0IIjbCZkJ67L+LkhYWRyAy7axphb3VgE2MBDlOqnmHMPWGYMxJxBYFueFq/JGY2GMwS0rU+UCLunEmy5UA==",
      "license": "MIT",
      "peer": true
    }
  }
}
